// !$*UTF8*$!
{
	archiveVersion = 1;
	classes = {
	};
	objectVersion = 46;
	objects = {

/* Begin PBXBuildFile section */
		0805B55E1519651D0041052C /* Entitlements.plist in Resources */ = {isa = PBXBuildFile; fileRef = 0805B55D1519651D0041052C /* Entitlements.plist */; };
		08354EF81504723500EA6184 /* MobileCoreServices.framework in Frameworks */ = {isa = PBXBuildFile; fileRef = 08354EF71504723500EA6184 /* MobileCoreServices.framework */; };
		08A1C6B1150466DC00B875B4 /* UIKit.framework in Frameworks */ = {isa = PBXBuildFile; fileRef = 08A1C6B0150466DC00B875B4 /* UIKit.framework */; };
		08A1C6B3150466DC00B875B4 /* Foundation.framework in Frameworks */ = {isa = PBXBuildFile; fileRef = 08A1C6B2150466DC00B875B4 /* Foundation.framework */; };
		08A1C6BB150466DC00B875B4 /* InfoPlist.strings in Resources */ = {isa = PBXBuildFile; fileRef = 08A1C6B9150466DC00B875B4 /* InfoPlist.strings */; };
		08A1C6BD150466DC00B875B4 /* main.m in Sources */ = {isa = PBXBuildFile; fileRef = 08A1C6BC150466DC00B875B4 /* main.m */; };
		08A1C6C1150466DC00B875B4 /* AppDelegate.m in Sources */ = {isa = PBXBuildFile; fileRef = 08A1C6C0150466DC00B875B4 /* AppDelegate.m */; };
		08DDD761151829D800F59C66 /* KiiSDK.framework in Frameworks */ = {isa = PBXBuildFile; fileRef = 08DDD760151829D800F59C66 /* KiiSDK.framework */; };
		08EF09731504699700ACB6D4 /* CBLoader.m in Sources */ = {isa = PBXBuildFile; fileRef = 08EF09701504699700ACB6D4 /* CBLoader.m */; };
		08EF09741504699700ACB6D4 /* CBToast.m in Sources */ = {isa = PBXBuildFile; fileRef = 08EF09721504699700ACB6D4 /* CBToast.m */; };
		08EF097F150469AC00ACB6D4 /* UploadViewController.m in Sources */ = {isa = PBXBuildFile; fileRef = 08EF0977150469AC00ACB6D4 /* UploadViewController.m */; };
		08EF0980150469AC00ACB6D4 /* UserViewController.m in Sources */ = {isa = PBXBuildFile; fileRef = 08EF0979150469AC00ACB6D4 /* UserViewController.m */; };
		08EF0981150469AC00ACB6D4 /* HistoryViewController.m in Sources */ = {isa = PBXBuildFile; fileRef = 08EF097B150469AC00ACB6D4 /* HistoryViewController.m */; };
		08EF0982150469AC00ACB6D4 /* FileDescriptionViewController.m in Sources */ = {isa = PBXBuildFile; fileRef = 08EF097D150469AC00ACB6D4 /* FileDescriptionViewController.m */; };
		08EF0983150469AC00ACB6D4 /* FileDescriptionViewController.xib in Resources */ = {isa = PBXBuildFile; fileRef = 08EF097E150469AC00ACB6D4 /* FileDescriptionViewController.xib */; };
		08EF098F150469DC00ACB6D4 /* arrowup.png in Resources */ = {isa = PBXBuildFile; fileRef = 08EF0988150469DC00ACB6D4 /* arrowup.png */; };
		08EF0990150469DC00ACB6D4 /* arrowup@2x.png in Resources */ = {isa = PBXBuildFile; fileRef = 08EF0989150469DC00ACB6D4 /* arrowup@2x.png */; };
		08EF0991150469DC00ACB6D4 /* man.png in Resources */ = {isa = PBXBuildFile; fileRef = 08EF098A150469DC00ACB6D4 /* man.png */; };
		08EF0992150469DC00ACB6D4 /* man@2x.png in Resources */ = {isa = PBXBuildFile; fileRef = 08EF098B150469DC00ACB6D4 /* man@2x.png */; };
		08EF0994150469E500ACB6D4 /* MainWindow.xib in Resources */ = {isa = PBXBuildFile; fileRef = 08EF0993150469E500ACB6D4 /* MainWindow.xib */; };
/* End PBXBuildFile section */

/* Begin PBXFileReference section */
		0805B55D1519651D0041052C /* Entitlements.plist */ = {isa = PBXFileReference; fileEncoding = 4; lastKnownFileType = text.plist.xml; path = Entitlements.plist; sourceTree = "<group>"; };
		08354EF71504723500EA6184 /* MobileCoreServices.framework */ = {isa = PBXFileReference; lastKnownFileType = wrapper.framework; name = MobileCoreServices.framework; path = System/Library/Frameworks/MobileCoreServices.framework; sourceTree = SDKROOT; };
		08A1C6AC150466DC00B875B4 /* KiiStorageSample.app */ = {isa = PBXFileReference; explicitFileType = wrapper.application; includeInIndex = 0; path = KiiStorageSample.app; sourceTree = BUILT_PRODUCTS_DIR; };
		08A1C6B0150466DC00B875B4 /* UIKit.framework */ = {isa = PBXFileReference; lastKnownFileType = wrapper.framework; name = UIKit.framework; path = System/Library/Frameworks/UIKit.framework; sourceTree = SDKROOT; };
		08A1C6B2150466DC00B875B4 /* Foundation.framework */ = {isa = PBXFileReference; lastKnownFileType = wrapper.framework; name = Foundation.framework; path = System/Library/Frameworks/Foundation.framework; sourceTree = SDKROOT; };
		08A1C6B8150466DC00B875B4 /* KiiStorageSample-Info.plist */ = {isa = PBXFileReference; lastKnownFileType = text.plist.xml; path = "KiiStorageSample-Info.plist"; sourceTree = "<group>"; };
		08A1C6BA150466DC00B875B4 /* en */ = {isa = PBXFileReference; lastKnownFileType = text.plist.strings; name = en; path = en.lproj/InfoPlist.strings; sourceTree = "<group>"; };
		08A1C6BC150466DC00B875B4 /* main.m */ = {isa = PBXFileReference; lastKnownFileType = sourcecode.c.objc; path = main.m; sourceTree = "<group>"; };
		08A1C6BE150466DC00B875B4 /* KiiStorageSample-Prefix.pch */ = {isa = PBXFileReference; lastKnownFileType = sourcecode.c.h; path = "KiiStorageSample-Prefix.pch"; sourceTree = "<group>"; };
		08A1C6BF150466DC00B875B4 /* AppDelegate.h */ = {isa = PBXFileReference; lastKnownFileType = sourcecode.c.h; path = AppDelegate.h; sourceTree = "<group>"; };
		08A1C6C0150466DC00B875B4 /* AppDelegate.m */ = {isa = PBXFileReference; lastKnownFileType = sourcecode.c.objc; path = AppDelegate.m; sourceTree = "<group>"; };
		08DDD760151829D800F59C66 /* KiiSDK.framework */ = {isa = PBXFileReference; lastKnownFileType = wrapper.framework; path = KiiSDK.framework; sourceTree = "<group>"; };
		08EF096F1504699700ACB6D4 /* CBLoader.h */ = {isa = PBXFileReference; fileEncoding = 4; lastKnownFileType = sourcecode.c.h; path = CBLoader.h; sourceTree = "<group>"; };
		08EF09701504699700ACB6D4 /* CBLoader.m */ = {isa = PBXFileReference; fileEncoding = 4; lastKnownFileType = sourcecode.c.objc; path = CBLoader.m; sourceTree = "<group>"; };
		08EF09711504699700ACB6D4 /* CBToast.h */ = {isa = PBXFileReference; fileEncoding = 4; lastKnownFileType = sourcecode.c.h; path = CBToast.h; sourceTree = "<group>"; };
		08EF09721504699700ACB6D4 /* CBToast.m */ = {isa = PBXFileReference; fileEncoding = 4; lastKnownFileType = sourcecode.c.objc; path = CBToast.m; sourceTree = "<group>"; };
		08EF0976150469AC00ACB6D4 /* UploadViewController.h */ = {isa = PBXFileReference; fileEncoding = 4; lastKnownFileType = sourcecode.c.h; path = UploadViewController.h; sourceTree = "<group>"; };
		08EF0977150469AC00ACB6D4 /* UploadViewController.m */ = {isa = PBXFileReference; fileEncoding = 4; lastKnownFileType = sourcecode.c.objc; path = UploadViewController.m; sourceTree = "<group>"; };
		08EF0978150469AC00ACB6D4 /* UserViewController.h */ = {isa = PBXFileReference; fileEncoding = 4; lastKnownFileType = sourcecode.c.h; path = UserViewController.h; sourceTree = "<group>"; };
		08EF0979150469AC00ACB6D4 /* UserViewController.m */ = {isa = PBXFileReference; fileEncoding = 4; lastKnownFileType = sourcecode.c.objc; path = UserViewController.m; sourceTree = "<group>"; };
		08EF097A150469AC00ACB6D4 /* HistoryViewController.h */ = {isa = PBXFileReference; fileEncoding = 4; lastKnownFileType = sourcecode.c.h; path = HistoryViewController.h; sourceTree = "<group>"; };
		08EF097B150469AC00ACB6D4 /* HistoryViewController.m */ = {isa = PBXFileReference; fileEncoding = 4; lastKnownFileType = sourcecode.c.objc; path = HistoryViewController.m; sourceTree = "<group>"; };
		08EF097C150469AC00ACB6D4 /* FileDescriptionViewController.h */ = {isa = PBXFileReference; fileEncoding = 4; lastKnownFileType = sourcecode.c.h; path = FileDescriptionViewController.h; sourceTree = "<group>"; };
		08EF097D150469AC00ACB6D4 /* FileDescriptionViewController.m */ = {isa = PBXFileReference; fileEncoding = 4; lastKnownFileType = sourcecode.c.objc; path = FileDescriptionViewController.m; sourceTree = "<group>"; };
		08EF097E150469AC00ACB6D4 /* FileDescriptionViewController.xib */ = {isa = PBXFileReference; fileEncoding = 4; lastKnownFileType = file.xib; path = FileDescriptionViewController.xib; sourceTree = "<group>"; };
		08EF0988150469DC00ACB6D4 /* arrowup.png */ = {isa = PBXFileReference; lastKnownFileType = image.png; path = arrowup.png; sourceTree = "<group>"; };
		08EF0989150469DC00ACB6D4 /* arrowup@2x.png */ = {isa = PBXFileReference; lastKnownFileType = image.png; path = "arrowup@2x.png"; sourceTree = "<group>"; };
		08EF098A150469DC00ACB6D4 /* man.png */ = {isa = PBXFileReference; lastKnownFileType = image.png; path = man.png; sourceTree = "<group>"; };
		08EF098B150469DC00ACB6D4 /* man@2x.png */ = {isa = PBXFileReference; lastKnownFileType = image.png; path = "man@2x.png"; sourceTree = "<group>"; };
		08EF0993150469E500ACB6D4 /* MainWindow.xib */ = {isa = PBXFileReference; fileEncoding = 4; lastKnownFileType = file.xib; path = MainWindow.xib; sourceTree = "<group>"; };
/* End PBXFileReference section */

/* Begin PBXFrameworksBuildPhase section */
		08A1C6A9150466DC00B875B4 /* Frameworks */ = {
			isa = PBXFrameworksBuildPhase;
			buildActionMask = 2147483647;
			files = (
				08DDD761151829D800F59C66 /* KiiSDK.framework in Frameworks */,
				08354EF81504723500EA6184 /* MobileCoreServices.framework in Frameworks */,
				08A1C6B1150466DC00B875B4 /* UIKit.framework in Frameworks */,
				08A1C6B3150466DC00B875B4 /* Foundation.framework in Frameworks */,
			);
			runOnlyForDeploymentPostprocessing = 0;
		};
/* End PBXFrameworksBuildPhase section */

/* Begin PBXGroup section */
		08A1C6A1150466DC00B875B4 = {
			isa = PBXGroup;
			children = (
				08A1C6B6150466DC00B875B4 /* KiiStorageSample */,
				08A1C6AF150466DC00B875B4 /* Frameworks */,
				08A1C6AD150466DC00B875B4 /* Products */,
			);
			sourceTree = "<group>";
		};
		08A1C6AD150466DC00B875B4 /* Products */ = {
			isa = PBXGroup;
			children = (
				08A1C6AC150466DC00B875B4 /* KiiStorageSample.app */,
			);
			name = Products;
			sourceTree = "<group>";
		};
		08A1C6AF150466DC00B875B4 /* Frameworks */ = {
			isa = PBXGroup;
			children = (
				08DDD760151829D800F59C66 /* KiiSDK.framework */,
				08354EF71504723500EA6184 /* MobileCoreServices.framework */,
				08A1C6B0150466DC00B875B4 /* UIKit.framework */,
				08A1C6B2150466DC00B875B4 /* Foundation.framework */,
			);
			name = Frameworks;
			sourceTree = "<group>";
		};
		08A1C6B6150466DC00B875B4 /* KiiStorageSample */ = {
			isa = PBXGroup;
			children = (
				08EF0975150469A200ACB6D4 /* Views */,
				08EF096E1504691900ACB6D4 /* External */,
				08A1C6BF150466DC00B875B4 /* AppDelegate.h */,
				08A1C6C0150466DC00B875B4 /* AppDelegate.m */,
				08A1C6B7150466DC00B875B4 /* Supporting Files */,
			);
			path = KiiStorageSample;
			sourceTree = "<group>";
		};
		08A1C6B7150466DC00B875B4 /* Supporting Files */ = {
			isa = PBXGroup;
			children = (
				0805B55D1519651D0041052C /* Entitlements.plist */,
				08EF0993150469E500ACB6D4 /* MainWindow.xib */,
				08EF0984150469CC00ACB6D4 /* Resources */,
				08A1C6B8150466DC00B875B4 /* KiiStorageSample-Info.plist */,
				08A1C6B9150466DC00B875B4 /* InfoPlist.strings */,
				08A1C6BC150466DC00B875B4 /* main.m */,
				08A1C6BE150466DC00B875B4 /* KiiStorageSample-Prefix.pch */,
			);
			name = "Supporting Files";
			sourceTree = "<group>";
		};
		08EF096E1504691900ACB6D4 /* External */ = {
			isa = PBXGroup;
			children = (
				08EF096F1504699700ACB6D4 /* CBLoader.h */,
				08EF09701504699700ACB6D4 /* CBLoader.m */,
				08EF09711504699700ACB6D4 /* CBToast.h */,
				08EF09721504699700ACB6D4 /* CBToast.m */,
			);
			name = External;
			sourceTree = "<group>";
		};
		08EF0975150469A200ACB6D4 /* Views */ = {
			isa = PBXGroup;
			children = (
				08EF0976150469AC00ACB6D4 /* UploadViewController.h */,
				08EF0977150469AC00ACB6D4 /* UploadViewController.m */,
				08EF0978150469AC00ACB6D4 /* UserViewController.h */,
				08EF0979150469AC00ACB6D4 /* UserViewController.m */,
				08EF097A150469AC00ACB6D4 /* HistoryViewController.h */,
				08EF097B150469AC00ACB6D4 /* HistoryViewController.m */,
				08EF097C150469AC00ACB6D4 /* FileDescriptionViewController.h */,
				08EF097D150469AC00ACB6D4 /* FileDescriptionViewController.m */,
				08EF097E150469AC00ACB6D4 /* FileDescriptionViewController.xib */,
			);
			name = Views;
			sourceTree = "<group>";
		};
		08EF0984150469CC00ACB6D4 /* Resources */ = {
			isa = PBXGroup;
			children = (
				08EF0988150469DC00ACB6D4 /* arrowup.png */,
				08EF0989150469DC00ACB6D4 /* arrowup@2x.png */,
				08EF098A150469DC00ACB6D4 /* man.png */,
				08EF098B150469DC00ACB6D4 /* man@2x.png */,
			);
			name = Resources;
			sourceTree = "<group>";
		};
/* End PBXGroup section */

/* Begin PBXNativeTarget section */
		08A1C6AB150466DC00B875B4 /* KiiStorageSample */ = {
			isa = PBXNativeTarget;
			buildConfigurationList = 08A1C6D8150466DC00B875B4 /* Build configuration list for PBXNativeTarget "KiiStorageSample" */;
			buildPhases = (
				08A1C6A8150466DC00B875B4 /* Sources */,
				08A1C6A9150466DC00B875B4 /* Frameworks */,
				08A1C6AA150466DC00B875B4 /* Resources */,
			);
			buildRules = (
			);
			dependencies = (
			);
			name = KiiStorageSample;
			productName = KiiStorageSample;
			productReference = 08A1C6AC150466DC00B875B4 /* KiiStorageSample.app */;
			productType = "com.apple.product-type.application";
		};
/* End PBXNativeTarget section */

/* Begin PBXProject section */
		08A1C6A3150466DC00B875B4 /* Project object */ = {
			isa = PBXProject;
			attributes = {
				LastUpgradeCheck = 0430;
				ORGANIZATIONNAME = "Chris Beauchamp";
			};
			buildConfigurationList = 08A1C6A6150466DC00B875B4 /* Build configuration list for PBXProject "KiiStorageSample" */;
			compatibilityVersion = "Xcode 3.2";
			developmentRegion = English;
			hasScannedForEncodings = 0;
			knownRegions = (
				en,
			);
			mainGroup = 08A1C6A1150466DC00B875B4;
			productRefGroup = 08A1C6AD150466DC00B875B4 /* Products */;
			projectDirPath = "";
			projectRoot = "";
			targets = (
				08A1C6AB150466DC00B875B4 /* KiiStorageSample */,
			);
		};
/* End PBXProject section */

/* Begin PBXResourcesBuildPhase section */
		08A1C6AA150466DC00B875B4 /* Resources */ = {
			isa = PBXResourcesBuildPhase;
			buildActionMask = 2147483647;
			files = (
				08A1C6BB150466DC00B875B4 /* InfoPlist.strings in Resources */,
				08EF0983150469AC00ACB6D4 /* FileDescriptionViewController.xib in Resources */,
				08EF098F150469DC00ACB6D4 /* arrowup.png in Resources */,
				08EF0990150469DC00ACB6D4 /* arrowup@2x.png in Resources */,
				08EF0991150469DC00ACB6D4 /* man.png in Resources */,
				08EF0992150469DC00ACB6D4 /* man@2x.png in Resources */,
				08EF0994150469E500ACB6D4 /* MainWindow.xib in Resources */,
				0805B55E1519651D0041052C /* Entitlements.plist in Resources */,
			);
			runOnlyForDeploymentPostprocessing = 0;
		};
/* End PBXResourcesBuildPhase section */

/* Begin PBXSourcesBuildPhase section */
		08A1C6A8150466DC00B875B4 /* Sources */ = {
			isa = PBXSourcesBuildPhase;
			buildActionMask = 2147483647;
			files = (
				08A1C6BD150466DC00B875B4 /* main.m in Sources */,
				08A1C6C1150466DC00B875B4 /* AppDelegate.m in Sources */,
				08EF09731504699700ACB6D4 /* CBLoader.m in Sources */,
				08EF09741504699700ACB6D4 /* CBToast.m in Sources */,
				08EF097F150469AC00ACB6D4 /* UploadViewController.m in Sources */,
				08EF0980150469AC00ACB6D4 /* UserViewController.m in Sources */,
				08EF0981150469AC00ACB6D4 /* HistoryViewController.m in Sources */,
				08EF0982150469AC00ACB6D4 /* FileDescriptionViewController.m in Sources */,
			);
			runOnlyForDeploymentPostprocessing = 0;
		};
/* End PBXSourcesBuildPhase section */

/* Begin PBXVariantGroup section */
		08A1C6B9150466DC00B875B4 /* InfoPlist.strings */ = {
			isa = PBXVariantGroup;
			children = (
				08A1C6BA150466DC00B875B4 /* en */,
			);
			name = InfoPlist.strings;
			sourceTree = "<group>";
		};
/* End PBXVariantGroup section */

/* Begin XCBuildConfiguration section */
		08A1C6D6150466DC00B875B4 /* Debug */ = {
			isa = XCBuildConfiguration;
			buildSettings = {
				ALWAYS_SEARCH_USER_PATHS = NO;
				ARCHS = "$(ARCHS_STANDARD_32_BIT)";
				CODE_SIGN_IDENTITY = "";
				"CODE_SIGN_IDENTITY[sdk=iphoneos*]" = "";
				COPY_PHASE_STRIP = NO;
				GCC_C_LANGUAGE_STANDARD = gnu99;
				GCC_DYNAMIC_NO_PIC = NO;
				GCC_OPTIMIZATION_LEVEL = 0;
				GCC_PREPROCESSOR_DEFINITIONS = (
					"DEBUG=1",
					"$(inherited)",
				);
				GCC_SYMBOLS_PRIVATE_EXTERN = NO;
				GCC_VERSION = com.apple.compilers.llvm.clang.1_0;
				GCC_WARN_ABOUT_MISSING_PROTOTYPES = YES;
				GCC_WARN_ABOUT_RETURN_TYPE = YES;
				GCC_WARN_UNUSED_VARIABLE = YES;
				IPHONEOS_DEPLOYMENT_TARGET = 4.0;
				SDKROOT = iphoneos;
			};
			name = Debug;
		};
		08A1C6D7150466DC00B875B4 /* Release */ = {
			isa = XCBuildConfiguration;
			buildSettings = {
				ALWAYS_SEARCH_USER_PATHS = NO;
				ARCHS = "$(ARCHS_STANDARD_32_BIT)";
				CODE_SIGN_IDENTITY = "";
				"CODE_SIGN_IDENTITY[sdk=iphoneos*]" = "";
				COPY_PHASE_STRIP = YES;
				GCC_C_LANGUAGE_STANDARD = gnu99;
				GCC_VERSION = com.apple.compilers.llvm.clang.1_0;
				GCC_WARN_ABOUT_MISSING_PROTOTYPES = YES;
				GCC_WARN_ABOUT_RETURN_TYPE = YES;
				GCC_WARN_UNUSED_VARIABLE = YES;
				IPHONEOS_DEPLOYMENT_TARGET = 4.0;
				OTHER_CFLAGS = "-DNS_BLOCK_ASSERTIONS=1";
				SDKROOT = iphoneos;
				VALIDATE_PRODUCT = YES;
			};
			name = Release;
		};
		08A1C6D9150466DC00B875B4 /* Debug */ = {
			isa = XCBuildConfiguration;
			buildSettings = {
				CODE_SIGN_ENTITLEMENTS = KiiStorageSample/Entitlements.plist;
				FRAMEWORK_SEARCH_PATHS = (
					"$(inherited)",
					"\"$(SRCROOT)\"",
				);
				GCC_PRECOMPILE_PREFIX_HEADER = YES;
				GCC_PREFIX_HEADER = "KiiStorageSample/KiiStorageSample-Prefix.pch";
				INFOPLIST_FILE = "KiiStorageSample/KiiStorageSample-Info.plist";
				PRODUCT_NAME = "$(TARGET_NAME)";
				SDKROOT = iphoneos;
				WRAPPER_EXTENSION = app;
			};
			name = Debug;
		};
		08A1C6DA150466DC00B875B4 /* Release */ = {
			isa = XCBuildConfiguration;
			buildSettings = {
				CODE_SIGN_ENTITLEMENTS = KiiStorageSample/Entitlements.plist;
				"CODE_SIGN_IDENTITY[sdk=iphoneos*]" = "";
				FRAMEWORK_SEARCH_PATHS = (
					"$(inherited)",
					"\"$(SRCROOT)\"",
				);
				GCC_PRECOMPILE_PREFIX_HEADER = YES;
				GCC_PREFIX_HEADER = "KiiStorageSample/KiiStorageSample-Prefix.pch";
				INFOPLIST_FILE = "KiiStorageSample/KiiStorageSample-Info.plist";
				PRODUCT_NAME = "$(TARGET_NAME)";
				SDKROOT = iphoneos;
				WRAPPER_EXTENSION = app;
			};
			name = Release;
		};
/* End XCBuildConfiguration section */

/* Begin XCConfigurationList section */
		08A1C6A6150466DC00B875B4 /* Build configuration list for PBXProject "KiiStorageSample" */ = {
			isa = XCConfigurationList;
			buildConfigurations = (
				08A1C6D6150466DC00B875B4 /* Debug */,
				08A1C6D7150466DC00B875B4 /* Release */,
			);
			defaultConfigurationIsVisible = 0;
			defaultConfigurationName = Release;
		};
		08A1C6D8150466DC00B875B4 /* Build configuration list for PBXNativeTarget "KiiStorageSample" */ = {
			isa = XCConfigurationList;
			buildConfigurations = (
				08A1C6D9150466DC00B875B4 /* Debug */,
				08A1C6DA150466DC00B875B4 /* Release */,
			);
			defaultConfigurationIsVisible = 0;
			defaultConfigurationName = Release;
		};
/* End XCConfigurationList section */
	};
	rootObject = 08A1C6A3150466DC00B875B4 /* Project object */;
}
