// !$*UTF8*$!
{
	archiveVersion = 1;
	classes = {
	};
	objectVersion = 46;
	objects = {

/* Begin PBXBuildFile section */
		08A6A8E515075A8D00886563 /* UIKit.framework in Frameworks */ = {isa = PBXBuildFile; fileRef = 08A6A8E415075A8D00886563 /* UIKit.framework */; };
		08A6A8E715075A8D00886563 /* Foundation.framework in Frameworks */ = {isa = PBXBuildFile; fileRef = 08A6A8E615075A8D00886563 /* Foundation.framework */; };
		08A6A8E915075A8D00886563 /* CoreGraphics.framework in Frameworks */ = {isa = PBXBuildFile; fileRef = 08A6A8E815075A8D00886563 /* CoreGraphics.framework */; };
		08A6A8EF15075A8D00886563 /* InfoPlist.strings in Resources */ = {isa = PBXBuildFile; fileRef = 08A6A8ED15075A8D00886563 /* InfoPlist.strings */; };
		08A6A8F115075A8D00886563 /* main.m in Sources */ = {isa = PBXBuildFile; fileRef = 08A6A8F015075A8D00886563 /* main.m */; };
		08A6A8F515075A8D00886563 /* AppDelegate.m in Sources */ = {isa = PBXBuildFile; fileRef = 08A6A8F415075A8D00886563 /* AppDelegate.m */; };
		08A6A8F815075A8D00886563 /* ViewController.m in Sources */ = {isa = PBXBuildFile; fileRef = 08A6A8F715075A8D00886563 /* ViewController.m */; };
		08A6A8FB15075A8D00886563 /* ViewController.xib in Resources */ = {isa = PBXBuildFile; fileRef = 08A6A8F915075A8D00886563 /* ViewController.xib */; };
		08A6A91215075CA600886563 /* CoreLocation.framework in Frameworks */ = {isa = PBXBuildFile; fileRef = 08A6A91115075CA600886563 /* CoreLocation.framework */; };
		08A6A92C15075D7800886563 /* AudioToolbox.framework in Frameworks */ = {isa = PBXBuildFile; fileRef = 08A6A92B15075D7800886563 /* AudioToolbox.framework */; };
		08A6A92E15075D9C00886563 /* MediaPlayer.framework in Frameworks */ = {isa = PBXBuildFile; fileRef = 08A6A92D15075D9C00886563 /* MediaPlayer.framework */; };
		08A6A93015075DAC00886563 /* AVFoundation.framework in Frameworks */ = {isa = PBXBuildFile; fileRef = 08A6A92F15075DAC00886563 /* AVFoundation.framework */; };
		08A6A93215075DC600886563 /* SystemConfiguration.framework in Frameworks */ = {isa = PBXBuildFile; fileRef = 08A6A93115075DC600886563 /* SystemConfiguration.framework */; };
		08A6A93415075DD800886563 /* libsqlite3.dylib in Frameworks */ = {isa = PBXBuildFile; fileRef = 08A6A93315075DD800886563 /* libsqlite3.dylib */; };
		08A6A93615075DFC00886563 /* CoreTelephony.framework in Frameworks */ = {isa = PBXBuildFile; fileRef = 08A6A93515075DFC00886563 /* CoreTelephony.framework */; };
		08A6A93815075E2900886563 /* QuartzCore.framework in Frameworks */ = {isa = PBXBuildFile; fileRef = 08A6A93715075E2900886563 /* QuartzCore.framework */; };
		08A6A93A15075E4A00886563 /* MobileCoreServices.framework in Frameworks */ = {isa = PBXBuildFile; fileRef = 08A6A93915075E4A00886563 /* MobileCoreServices.framework */; };
		08A6A93C15075E5E00886563 /* CoreMotion.framework in Frameworks */ = {isa = PBXBuildFile; fileRef = 08A6A93B15075E5E00886563 /* CoreMotion.framework */; };
		08A6A93E15075E7D00886563 /* MessageUI.framework in Frameworks */ = {isa = PBXBuildFile; fileRef = 08A6A93D15075E7D00886563 /* MessageUI.framework */; };
		08A6A949150760B100886563 /* KiiAdFramework.framework in Frameworks */ = {isa = PBXBuildFile; fileRef = 08A6A948150760B100886563 /* KiiAdFramework.framework */; };
/* End PBXBuildFile section */

/* Begin PBXFileReference section */
		08A6A8E015075A8D00886563 /* KiiAdSampleApp.app */ = {isa = PBXFileReference; explicitFileType = wrapper.application; includeInIndex = 0; path = KiiAdSampleApp.app; sourceTree = BUILT_PRODUCTS_DIR; };
		08A6A8E415075A8D00886563 /* UIKit.framework */ = {isa = PBXFileReference; lastKnownFileType = wrapper.framework; name = UIKit.framework; path = System/Library/Frameworks/UIKit.framework; sourceTree = SDKROOT; };
		08A6A8E615075A8D00886563 /* Foundation.framework */ = {isa = PBXFileReference; lastKnownFileType = wrapper.framework; name = Foundation.framework; path = System/Library/Frameworks/Foundation.framework; sourceTree = SDKROOT; };
		08A6A8E815075A8D00886563 /* CoreGraphics.framework */ = {isa = PBXFileReference; lastKnownFileType = wrapper.framework; name = CoreGraphics.framework; path = System/Library/Frameworks/CoreGraphics.framework; sourceTree = SDKROOT; };
		08A6A8EC15075A8D00886563 /* KiiAdSampleApp-Info.plist */ = {isa = PBXFileReference; lastKnownFileType = text.plist.xml; path = "KiiAdSampleApp-Info.plist"; sourceTree = "<group>"; };
		08A6A8EE15075A8D00886563 /* en */ = {isa = PBXFileReference; lastKnownFileType = text.plist.strings; name = en; path = en.lproj/InfoPlist.strings; sourceTree = "<group>"; };
		08A6A8F015075A8D00886563 /* main.m */ = {isa = PBXFileReference; lastKnownFileType = sourcecode.c.objc; path = main.m; sourceTree = "<group>"; };
		08A6A8F215075A8D00886563 /* KiiAdSampleApp-Prefix.pch */ = {isa = PBXFileReference; lastKnownFileType = sourcecode.c.h; path = "KiiAdSampleApp-Prefix.pch"; sourceTree = "<group>"; };
		08A6A8F315075A8D00886563 /* AppDelegate.h */ = {isa = PBXFileReference; lastKnownFileType = sourcecode.c.h; path = AppDelegate.h; sourceTree = "<group>"; };
		08A6A8F415075A8D00886563 /* AppDelegate.m */ = {isa = PBXFileReference; lastKnownFileType = sourcecode.c.objc; path = AppDelegate.m; sourceTree = "<group>"; };
		08A6A8F615075A8D00886563 /* ViewController.h */ = {isa = PBXFileReference; lastKnownFileType = sourcecode.c.h; path = ViewController.h; sourceTree = "<group>"; };
		08A6A8F715075A8D00886563 /* ViewController.m */ = {isa = PBXFileReference; lastKnownFileType = sourcecode.c.objc; path = ViewController.m; sourceTree = "<group>"; };
		08A6A8FA15075A8D00886563 /* en */ = {isa = PBXFileReference; lastKnownFileType = file.xib; name = en; path = en.lproj/ViewController.xib; sourceTree = "<group>"; };
		08A6A91115075CA600886563 /* CoreLocation.framework */ = {isa = PBXFileReference; lastKnownFileType = wrapper.framework; name = CoreLocation.framework; path = System/Library/Frameworks/CoreLocation.framework; sourceTree = SDKROOT; };
		08A6A92B15075D7800886563 /* AudioToolbox.framework */ = {isa = PBXFileReference; lastKnownFileType = wrapper.framework; name = AudioToolbox.framework; path = System/Library/Frameworks/AudioToolbox.framework; sourceTree = SDKROOT; };
		08A6A92D15075D9C00886563 /* MediaPlayer.framework */ = {isa = PBXFileReference; lastKnownFileType = wrapper.framework; name = MediaPlayer.framework; path = System/Library/Frameworks/MediaPlayer.framework; sourceTree = SDKROOT; };
		08A6A92F15075DAC00886563 /* AVFoundation.framework */ = {isa = PBXFileReference; lastKnownFileType = wrapper.framework; name = AVFoundation.framework; path = System/Library/Frameworks/AVFoundation.framework; sourceTree = SDKROOT; };
		08A6A93115075DC600886563 /* SystemConfiguration.framework */ = {isa = PBXFileReference; lastKnownFileType = wrapper.framework; name = SystemConfiguration.framework; path = System/Library/Frameworks/SystemConfiguration.framework; sourceTree = SDKROOT; };
		08A6A93315075DD800886563 /* libsqlite3.dylib */ = {isa = PBXFileReference; lastKnownFileType = "compiled.mach-o.dylib"; name = libsqlite3.dylib; path = usr/lib/libsqlite3.dylib; sourceTree = SDKROOT; };
		08A6A93515075DFC00886563 /* CoreTelephony.framework */ = {isa = PBXFileReference; lastKnownFileType = wrapper.framework; name = CoreTelephony.framework; path = System/Library/Frameworks/CoreTelephony.framework; sourceTree = SDKROOT; };
		08A6A93715075E2900886563 /* QuartzCore.framework */ = {isa = PBXFileReference; lastKnownFileType = wrapper.framework; name = QuartzCore.framework; path = System/Library/Frameworks/QuartzCore.framework; sourceTree = SDKROOT; };
		08A6A93915075E4A00886563 /* MobileCoreServices.framework */ = {isa = PBXFileReference; lastKnownFileType = wrapper.framework; name = MobileCoreServices.framework; path = System/Library/Frameworks/MobileCoreServices.framework; sourceTree = SDKROOT; };
		08A6A93B15075E5E00886563 /* CoreMotion.framework */ = {isa = PBXFileReference; lastKnownFileType = wrapper.framework; name = CoreMotion.framework; path = System/Library/Frameworks/CoreMotion.framework; sourceTree = SDKROOT; };
		08A6A93D15075E7D00886563 /* MessageUI.framework */ = {isa = PBXFileReference; lastKnownFileType = wrapper.framework; name = MessageUI.framework; path = System/Library/Frameworks/MessageUI.framework; sourceTree = SDKROOT; };
		08A6A948150760B100886563 /* KiiAdFramework.framework */ = {isa = PBXFileReference; lastKnownFileType = wrapper.framework; path = KiiAdFramework.framework; sourceTree = "<group>"; };
/* End PBXFileReference section */

/* Begin PBXFrameworksBuildPhase section */
		08A6A8DD15075A8D00886563 /* Frameworks */ = {
			isa = PBXFrameworksBuildPhase;
			buildActionMask = 2147483647;
			files = (
				08A6A93E15075E7D00886563 /* MessageUI.framework in Frameworks */,
				08A6A93C15075E5E00886563 /* CoreMotion.framework in Frameworks */,
				08A6A93A15075E4A00886563 /* MobileCoreServices.framework in Frameworks */,
				08A6A93815075E2900886563 /* QuartzCore.framework in Frameworks */,
				08A6A93615075DFC00886563 /* CoreTelephony.framework in Frameworks */,
				08A6A93415075DD800886563 /* libsqlite3.dylib in Frameworks */,
				08A6A93215075DC600886563 /* SystemConfiguration.framework in Frameworks */,
				08A6A93015075DAC00886563 /* AVFoundation.framework in Frameworks */,
				08A6A92E15075D9C00886563 /* MediaPlayer.framework in Frameworks */,
				08A6A92C15075D7800886563 /* AudioToolbox.framework in Frameworks */,
				08A6A91215075CA600886563 /* CoreLocation.framework in Frameworks */,
				08A6A8E515075A8D00886563 /* UIKit.framework in Frameworks */,
				08A6A8E715075A8D00886563 /* Foundation.framework in Frameworks */,
				08A6A8E915075A8D00886563 /* CoreGraphics.framework in Frameworks */,
				08A6A949150760B100886563 /* KiiAdFramework.framework in Frameworks */,
			);
			runOnlyForDeploymentPostprocessing = 0;
		};
/* End PBXFrameworksBuildPhase section */

/* Begin PBXGroup section */
		08A6A8D515075A8D00886563 = {
			isa = PBXGroup;
			children = (
				08A6A93D15075E7D00886563 /* MessageUI.framework */,
				08A6A93B15075E5E00886563 /* CoreMotion.framework */,
				08A6A93915075E4A00886563 /* MobileCoreServices.framework */,
				08A6A93715075E2900886563 /* QuartzCore.framework */,
				08A6A93515075DFC00886563 /* CoreTelephony.framework */,
				08A6A93315075DD800886563 /* libsqlite3.dylib */,
				08A6A93115075DC600886563 /* SystemConfiguration.framework */,
				08A6A92F15075DAC00886563 /* AVFoundation.framework */,
				08A6A92D15075D9C00886563 /* MediaPlayer.framework */,
				08A6A92B15075D7800886563 /* AudioToolbox.framework */,
				08A6A91115075CA600886563 /* CoreLocation.framework */,
				08A6A8EA15075A8D00886563 /* KiiAdSampleApp */,
				08A6A8E315075A8D00886563 /* Frameworks */,
				08A6A8E115075A8D00886563 /* Products */,
			);
			sourceTree = "<group>";
		};
		08A6A8E115075A8D00886563 /* Products */ = {
			isa = PBXGroup;
			children = (
				08A6A8E015075A8D00886563 /* KiiAdSampleApp.app */,
			);
			name = Products;
			sourceTree = "<group>";
		};
		08A6A8E315075A8D00886563 /* Frameworks */ = {
			isa = PBXGroup;
			children = (
				08A6A948150760B100886563 /* KiiAdFramework.framework */,
				08A6A8E415075A8D00886563 /* UIKit.framework */,
				08A6A8E615075A8D00886563 /* Foundation.framework */,
				08A6A8E815075A8D00886563 /* CoreGraphics.framework */,
			);
			name = Frameworks;
			sourceTree = "<group>";
		};
		08A6A8EA15075A8D00886563 /* KiiAdSampleApp */ = {
			isa = PBXGroup;
			children = (
				08A6A8F315075A8D00886563 /* AppDelegate.h */,
				08A6A8F415075A8D00886563 /* AppDelegate.m */,
				08A6A8F615075A8D00886563 /* ViewController.h */,
				08A6A8F715075A8D00886563 /* ViewController.m */,
				08A6A8F915075A8D00886563 /* ViewController.xib */,
				08A6A8EB15075A8D00886563 /* Supporting Files */,
			);
			path = KiiAdSampleApp;
			sourceTree = "<group>";
		};
		08A6A8EB15075A8D00886563 /* Supporting Files */ = {
			isa = PBXGroup;
			children = (
				08A6A8EC15075A8D00886563 /* KiiAdSampleApp-Info.plist */,
				08A6A8ED15075A8D00886563 /* InfoPlist.strings */,
				08A6A8F015075A8D00886563 /* main.m */,
				08A6A8F215075A8D00886563 /* KiiAdSampleApp-Prefix.pch */,
			);
			name = "Supporting Files";
			sourceTree = "<group>";
		};
/* End PBXGroup section */

/* Begin PBXNativeTarget section */
		08A6A8DF15075A8D00886563 /* KiiAdSampleApp */ = {
			isa = PBXNativeTarget;
			buildConfigurationList = 08A6A8FE15075A8D00886563 /* Build configuration list for PBXNativeTarget "KiiAdSampleApp" */;
			buildPhases = (
				08A6A8DC15075A8D00886563 /* Sources */,
				08A6A8DD15075A8D00886563 /* Frameworks */,
				08A6A8DE15075A8D00886563 /* Resources */,
			);
			buildRules = (
			);
			dependencies = (
			);
			name = KiiAdSampleApp;
			productName = KiiAdSampleApp;
			productReference = 08A6A8E015075A8D00886563 /* KiiAdSampleApp.app */;
			productType = "com.apple.product-type.application";
		};
/* End PBXNativeTarget section */

/* Begin PBXProject section */
		08A6A8D715075A8D00886563 /* Project object */ = {
			isa = PBXProject;
			attributes = {
				LastUpgradeCheck = 0420;
				ORGANIZATIONNAME = "Chris Beauchamp";
			};
			buildConfigurationList = 08A6A8DA15075A8D00886563 /* Build configuration list for PBXProject "KiiAdSampleApp" */;
			compatibilityVersion = "Xcode 3.2";
			developmentRegion = English;
			hasScannedForEncodings = 0;
			knownRegions = (
				en,
			);
			mainGroup = 08A6A8D515075A8D00886563;
			productRefGroup = 08A6A8E115075A8D00886563 /* Products */;
			projectDirPath = "";
			projectRoot = "";
			targets = (
				08A6A8DF15075A8D00886563 /* KiiAdSampleApp */,
			);
		};
/* End PBXProject section */

/* Begin PBXResourcesBuildPhase section */
		08A6A8DE15075A8D00886563 /* Resources */ = {
			isa = PBXResourcesBuildPhase;
			buildActionMask = 2147483647;
			files = (
				08A6A8EF15075A8D00886563 /* InfoPlist.strings in Resources */,
				08A6A8FB15075A8D00886563 /* ViewController.xib in Resources */,
			);
			runOnlyForDeploymentPostprocessing = 0;
		};
/* End PBXResourcesBuildPhase section */

/* Begin PBXSourcesBuildPhase section */
		08A6A8DC15075A8D00886563 /* Sources */ = {
			isa = PBXSourcesBuildPhase;
			buildActionMask = 2147483647;
			files = (
				08A6A8F115075A8D00886563 /* main.m in Sources */,
				08A6A8F515075A8D00886563 /* AppDelegate.m in Sources */,
				08A6A8F815075A8D00886563 /* ViewController.m in Sources */,
			);
			runOnlyForDeploymentPostprocessing = 0;
		};
/* End PBXSourcesBuildPhase section */

/* Begin PBXVariantGroup section */
		08A6A8ED15075A8D00886563 /* InfoPlist.strings */ = {
			isa = PBXVariantGroup;
			children = (
				08A6A8EE15075A8D00886563 /* en */,
			);
			name = InfoPlist.strings;
			sourceTree = "<group>";
		};
		08A6A8F915075A8D00886563 /* ViewController.xib */ = {
			isa = PBXVariantGroup;
			children = (
				08A6A8FA15075A8D00886563 /* en */,
			);
			name = ViewController.xib;
			sourceTree = "<group>";
		};
/* End PBXVariantGroup section */

/* Begin XCBuildConfiguration section */
		08A6A8FC15075A8D00886563 /* Debug */ = {
			isa = XCBuildConfiguration;
			buildSettings = {
				ALWAYS_SEARCH_USER_PATHS = NO;
				ARCHS = "$(ARCHS_STANDARD_32_BIT)";
				"CODE_SIGN_IDENTITY[sdk=iphoneos*]" = "iPhone Developer";
				COPY_PHASE_STRIP = NO;
				GCC_C_LANGUAGE_STANDARD = gnu99;
				GCC_DYNAMIC_NO_PIC = NO;
				GCC_OPTIMIZATION_LEVEL = 0;
				GCC_PREPROCESSOR_DEFINITIONS = (
					"DEBUG=1",
					"$(inherited)",
				);
				GCC_SYMBOLS_PRIVATE_EXTERN = NO;
				GCC_VERSION = com.apple.compilers.llvm.clang.1_0;
				GCC_WARN_ABOUT_MISSING_PROTOTYPES = YES;
				GCC_WARN_ABOUT_RETURN_TYPE = YES;
				GCC_WARN_UNUSED_VARIABLE = YES;
				IPHONEOS_DEPLOYMENT_TARGET = 5.0;
				SDKROOT = iphoneos;
			};
			name = Debug;
		};
		08A6A8FD15075A8D00886563 /* Release */ = {
			isa = XCBuildConfiguration;
			buildSettings = {
				ALWAYS_SEARCH_USER_PATHS = NO;
				ARCHS = "$(ARCHS_STANDARD_32_BIT)";
				"CODE_SIGN_IDENTITY[sdk=iphoneos*]" = "iPhone Developer";
				COPY_PHASE_STRIP = YES;
				GCC_C_LANGUAGE_STANDARD = gnu99;
				GCC_VERSION = com.apple.compilers.llvm.clang.1_0;
				GCC_WARN_ABOUT_MISSING_PROTOTYPES = YES;
				GCC_WARN_ABOUT_RETURN_TYPE = YES;
				GCC_WARN_UNUSED_VARIABLE = YES;
				IPHONEOS_DEPLOYMENT_TARGET = 5.0;
				OTHER_CFLAGS = "-DNS_BLOCK_ASSERTIONS=1";
				SDKROOT = iphoneos;
				VALIDATE_PRODUCT = YES;
			};
			name = Release;
		};
		08A6A8FF15075A8D00886563 /* Debug */ = {
			isa = XCBuildConfiguration;
			buildSettings = {
				FRAMEWORK_SEARCH_PATHS = (
					"$(inherited)",
					"\"$(SRCROOT)\"",
				);
				GCC_PRECOMPILE_PREFIX_HEADER = YES;
				GCC_PREFIX_HEADER = "KiiAdSampleApp/KiiAdSampleApp-Prefix.pch";
				INFOPLIST_FILE = "KiiAdSampleApp/KiiAdSampleApp-Info.plist";
				PRODUCT_NAME = "$(TARGET_NAME)";
				WRAPPER_EXTENSION = app;
			};
			name = Debug;
		};
		08A6A90015075A8D00886563 /* Release */ = {
			isa = XCBuildConfiguration;
			buildSettings = {
				FRAMEWORK_SEARCH_PATHS = (
					"$(inherited)",
					"\"$(SRCROOT)\"",
				);
				GCC_PRECOMPILE_PREFIX_HEADER = YES;
				GCC_PREFIX_HEADER = "KiiAdSampleApp/KiiAdSampleApp-Prefix.pch";
				INFOPLIST_FILE = "KiiAdSampleApp/KiiAdSampleApp-Info.plist";
				PRODUCT_NAME = "$(TARGET_NAME)";
				WRAPPER_EXTENSION = app;
			};
			name = Release;
		};
/* End XCBuildConfiguration section */

/* Begin XCConfigurationList section */
		08A6A8DA15075A8D00886563 /* Build configuration list for PBXProject "KiiAdSampleApp" */ = {
			isa = XCConfigurationList;
			buildConfigurations = (
				08A6A8FC15075A8D00886563 /* Debug */,
				08A6A8FD15075A8D00886563 /* Release */,
			);
			defaultConfigurationIsVisible = 0;
			defaultConfigurationName = Release;
		};
		08A6A8FE15075A8D00886563 /* Build configuration list for PBXNativeTarget "KiiAdSampleApp" */ = {
			isa = XCConfigurationList;
			buildConfigurations = (
				08A6A8FF15075A8D00886563 /* Debug */,
				08A6A90015075A8D00886563 /* Release */,
			);
			defaultConfigurationIsVisible = 0;
		};
/* End XCConfigurationList section */
	};
	rootObject = 08A6A8D715075A8D00886563 /* Project object */;
}
